
Microsoft Visual Studio Solution File, Format Version 12.00
# Visual Studio Version 17
VisualStudioVersion = 17.2.32630.192
MinimumVisualStudioVersion = 10.0.40219.1
Project("{FAE04EC0-301F-11D3-BF4B-00C04F79EFBC}") = "AppGeradorLoterias", "AppGeradorLoterias\AppGeradorLoterias.csproj", "{FEFB9E07-7290-4C66-B52C-BCA095D1F45B}"
EndProject
Global
	GlobalSection(SolutionConfigurationPlatforms) = preSolution
		Debug|Any CPU = Debug|Any CPU
		Release|Any CPU = Release|Any CPU
	EndGlobalSection
	GlobalSection(ProjectConfigurationPlatforms) = postSolution
		{FEFB9E07-7290-4C66-B52C-BCA095D1F45B}.Debug|Any CPU.ActiveCfg = Debug|Any CPU
		{FEFB9E07-7290-4C66-B52C-BCA095D1F45B}.Debug|Any CPU.Build.0 = Debug|Any CPU
		{FEFB9E07-7290-4C66-B52C-BCA095D1F45B}.Release|Any CPU.ActiveCfg = Release|Any CPU
		{FEFB9E07-7290-4C66-B52C-BCA095D1F45B}.Release|Any CPU.Build.0 = Release|Any CPU
	EndGlobalSection
	GlobalSection(SolutionProperties) = preSolution
		HideSolutionNode = FALSE
	EndGlobalSection
	GlobalSection(ExtensibilityGlobals) = postSolution
		SolutionGuid = {05BAE5C6-F54B-4AA5-A02C-9B56FDAD1925}
	EndGlobalSection
EndGlobal
