
Microsoft Visual Studio Solution File, Format Version 12.00
# Visual Studio Version 17
VisualStudioVersion = 17.2.32630.192
MinimumVisualStudioVersion = 10.0.40219.1
Project("{FAE04EC0-301F-11D3-BF4B-00C04F79EFBC}") = "AppExemploDataGrid", "AppExemploDataGrid\AppExemploDataGrid.csproj", "{8B91C7DD-659A-47F2-8C31-047839E8C3EC}"
EndProject
Global
	GlobalSection(SolutionConfigurationPlatforms) = preSolution
		Debug|Any CPU = Debug|Any CPU
		Release|Any CPU = Release|Any CPU
	EndGlobalSection
	GlobalSection(ProjectConfigurationPlatforms) = postSolution
		{8B91C7DD-659A-47F2-8C31-047839E8C3EC}.Debug|Any CPU.ActiveCfg = Debug|Any CPU
		{8B91C7DD-659A-47F2-8C31-047839E8C3EC}.Debug|Any CPU.Build.0 = Debug|Any CPU
		{8B91C7DD-659A-47F2-8C31-047839E8C3EC}.Release|Any CPU.ActiveCfg = Release|Any CPU
		{8B91C7DD-659A-47F2-8C31-047839E8C3EC}.Release|Any CPU.Build.0 = Release|Any CPU
	EndGlobalSection
	GlobalSection(SolutionProperties) = preSolution
		HideSolutionNode = FALSE
	EndGlobalSection
	GlobalSection(ExtensibilityGlobals) = postSolution
		SolutionGuid = {EE6A8B47-E0E4-440B-AF8E-6EF2370752E1}
	EndGlobalSection
EndGlobal
