
Microsoft Visual Studio Solution File, Format Version 12.00
# Visual Studio Version 17
VisualStudioVersion = 17.0.31919.166
MinimumVisualStudioVersion = 10.0.40219.1
Project("{FAE04EC0-301F-11D3-BF4B-00C04F79EFBC}") = "AppExemplosUtilizandoClasses", "AppExemplosUtilizandoClasses\AppExemplosUtilizandoClasses.csproj", "{68EC25B8-F07C-4B8C-A82F-11B994EFD27F}"
EndProject
Global
	GlobalSection(SolutionConfigurationPlatforms) = preSolution
		Debug|Any CPU = Debug|Any CPU
		Release|Any CPU = Release|Any CPU
	EndGlobalSection
	GlobalSection(ProjectConfigurationPlatforms) = postSolution
		{68EC25B8-F07C-4B8C-A82F-11B994EFD27F}.Debug|Any CPU.ActiveCfg = Debug|Any CPU
		{68EC25B8-F07C-4B8C-A82F-11B994EFD27F}.Debug|Any CPU.Build.0 = Debug|Any CPU
		{68EC25B8-F07C-4B8C-A82F-11B994EFD27F}.Release|Any CPU.ActiveCfg = Release|Any CPU
		{68EC25B8-F07C-4B8C-A82F-11B994EFD27F}.Release|Any CPU.Build.0 = Release|Any CPU
	EndGlobalSection
	GlobalSection(SolutionProperties) = preSolution
		HideSolutionNode = FALSE
	EndGlobalSection
	GlobalSection(ExtensibilityGlobals) = postSolution
		SolutionGuid = {73D4DC7E-23BA-4B74-B2C2-306E5F11A909}
	EndGlobalSection
EndGlobal
